
Microsoft Visual Studio Solution File, Format Version 12.00
# Visual Studio Version 17
VisualStudioVersion = 17.8.34408.163
MinimumVisualStudioVersion = 10.0.40219.1
Project("{FAE04EC0-301F-11D3-BF4B-00C04F79EFBC}") = "FinancialSystemAPI", "FinancialSystemAPI\FinancialSystemAPI.csproj", "{A22CE476-C1DE-47F9-8CEC-8A50FC62763D}"
EndProject
Project("{FAE04EC0-301F-11D3-BF4B-00C04F79EFBC}") = "TestProject", "TestProject\TestProject.csproj", "{AD454350-8FB0-4BB2-8429-3D18DDC1B96C}"
EndProject
Global
	GlobalSection(SolutionConfigurationPlatforms) = preSolution
		Debug|Any CPU = Debug|Any CPU
		Release|Any CPU = Release|Any CPU
	EndGlobalSection
	GlobalSection(ProjectConfigurationPlatforms) = postSolution
		{A22CE476-C1DE-47F9-8CEC-8A50FC62763D}.Debug|Any CPU.ActiveCfg = Debug|Any CPU
		{A22CE476-C1DE-47F9-8CEC-8A50FC62763D}.Debug|Any CPU.Build.0 = Debug|Any CPU
		{A22CE476-C1DE-47F9-8CEC-8A50FC62763D}.Release|Any CPU.ActiveCfg = Release|Any CPU
		{A22CE476-C1DE-47F9-8CEC-8A50FC62763D}.Release|Any CPU.Build.0 = Release|Any CPU
		{AD454350-8FB0-4BB2-8429-3D18DDC1B96C}.Debug|Any CPU.ActiveCfg = Debug|Any CPU
		{AD454350-8FB0-4BB2-8429-3D18DDC1B96C}.Debug|Any CPU.Build.0 = Debug|Any CPU
		{AD454350-8FB0-4BB2-8429-3D18DDC1B96C}.Release|Any CPU.ActiveCfg = Release|Any CPU
		{AD454350-8FB0-4BB2-8429-3D18DDC1B96C}.Release|Any CPU.Build.0 = Release|Any CPU
	EndGlobalSection
	GlobalSection(SolutionProperties) = preSolution
		HideSolutionNode = FALSE
	EndGlobalSection
	GlobalSection(ExtensibilityGlobals) = postSolution
		SolutionGuid = {35CEB63C-32D9-4FA1-AAA8-51EC1C240160}
	EndGlobalSection
EndGlobal
